
Microsoft Visual Studio Solution File, Format Version 11.00
# Visual Studio 2010
Project("{FAE04EC0-301F-11D3-BF4B-00C04F79EFBC}") = "Designing and Creating a basic 2D game", "Assembly-CSharp.csproj", "{F4B2682F-6C8D-9245-2177-9D060270C9DF}"
EndProject
Global
	GlobalSection(SolutionConfigurationPlatforms) = preSolution
		Debug|Any CPU = Debug|Any CPU
		Release|Any CPU = Release|Any CPU
	EndGlobalSection
	GlobalSection(ProjectConfigurationPlatforms) = postSolution
		{F4B2682F-6C8D-9245-2177-9D060270C9DF}.Debug|Any CPU.ActiveCfg = Debug|Any CPU
		{F4B2682F-6C8D-9245-2177-9D060270C9DF}.Debug|Any CPU.Build.0 = Debug|Any CPU
		{F4B2682F-6C8D-9245-2177-9D060270C9DF}.Release|Any CPU.ActiveCfg = Release|Any CPU
		{F4B2682F-6C8D-9245-2177-9D060270C9DF}.Release|Any CPU.Build.0 = Release|Any CPU
	EndGlobalSection
	GlobalSection(SolutionProperties) = preSolution
		HideSolutionNode = FALSE
	EndGlobalSection
	GlobalSection(MonoDevelopProperties) = preSolution
		StartupItem = Assembly-CSharp.csproj
	EndGlobalSection
EndGlobal
